
Microsoft Visual Studio Solution File, Format Version 12.00
# Visual Studio Version 17
VisualStudioVersion = 17.0.31903.59
MinimumVisualStudioVersion = 10.0.40219.1
Project("{FAE04EC0-301F-11D3-BF4B-00C04F79EFBC}") = "AgentHub.Contracts", "src\AgentHub.Contracts\AgentHub.Contracts.csproj", "{2F9B2F8A-87B8-4A16-B62C-87B65A2CBAA1}"
EndProject
Project("{FAE04EC0-301F-11D3-BF4B-00C04F79EFBC}") = "AgentHub.Orchestration", "src\AgentHub.Orchestration\AgentHub.Orchestration.csproj", "{0EE73F74-4A0A-4D47-9A2B-8B1DCA4D52E7}"
EndProject
Project("{FAE04EC0-301F-11D3-BF4B-00C04F79EFBC}") = "AgentHub.Service", "src\AgentHub.Service\AgentHub.Service.csproj", "{0B1C2A47-9C96-4D6E-9F3E-0E186D2F8F6C}"
EndProject
Project("{FAE04EC0-301F-11D3-BF4B-00C04F79EFBC}") = "AgentHub.AppHost", "src\AgentHub.AppHost\AgentHub.AppHost.csproj", "{AD0A9A4C-0F3D-4D13-9AA7-DF7A48DFB0D6}"
EndProject
Project("{FAE04EC0-301F-11D3-BF4B-00C04F79EFBC}") = "AgentHub.Maui", "src\AgentHub.Maui\AgentHub.Maui.csproj", "{C5F6B92B-34A2-4B76-AE5B-39A27F4D4B2A}"
EndProject
Project("{2150E333-8FDC-42A3-9474-1A3956D46DE8}") = "tests", "tests", "{0AB3BF05-4346-4AA6-1389-037BE0695223}"
EndProject
Project("{FAE04EC0-301F-11D3-BF4B-00C04F79EFBC}") = "AgentHub.Tests", "tests\AgentHub.Tests\AgentHub.Tests.csproj", "{34CD3945-4ED2-457A-B892-70F0F1EF85A9}"
EndProject
Project("{2150E333-8FDC-42A3-9474-1A3956D46DE8}") = "src", "src", "{827E0CD3-B72D-47B6-A68D-7590B98EB39B}"
EndProject
Global
	GlobalSection(SolutionConfigurationPlatforms) = preSolution
		Debug|Any CPU = Debug|Any CPU
		Debug|x64 = Debug|x64
		Debug|x86 = Debug|x86
		Release|Any CPU = Release|Any CPU
		Release|x64 = Release|x64
		Release|x86 = Release|x86
	EndGlobalSection
	GlobalSection(ProjectConfigurationPlatforms) = postSolution
		{2F9B2F8A-87B8-4A16-B62C-87B65A2CBAA1}.Debug|Any CPU.ActiveCfg = Debug|Any CPU
		{2F9B2F8A-87B8-4A16-B62C-87B65A2CBAA1}.Debug|Any CPU.Build.0 = Debug|Any CPU
		{2F9B2F8A-87B8-4A16-B62C-87B65A2CBAA1}.Debug|x64.ActiveCfg = Debug|Any CPU
		{2F9B2F8A-87B8-4A16-B62C-87B65A2CBAA1}.Debug|x64.Build.0 = Debug|Any CPU
		{2F9B2F8A-87B8-4A16-B62C-87B65A2CBAA1}.Debug|x86.ActiveCfg = Debug|Any CPU
		{2F9B2F8A-87B8-4A16-B62C-87B65A2CBAA1}.Debug|x86.Build.0 = Debug|Any CPU
		{2F9B2F8A-87B8-4A16-B62C-87B65A2CBAA1}.Release|Any CPU.ActiveCfg = Release|Any CPU
		{2F9B2F8A-87B8-4A16-B62C-87B65A2CBAA1}.Release|Any CPU.Build.0 = Release|Any CPU
		{2F9B2F8A-87B8-4A16-B62C-87B65A2CBAA1}.Release|x64.ActiveCfg = Release|Any CPU
		{2F9B2F8A-87B8-4A16-B62C-87B65A2CBAA1}.Release|x64.Build.0 = Release|Any CPU
		{2F9B2F8A-87B8-4A16-B62C-87B65A2CBAA1}.Release|x86.ActiveCfg = Release|Any CPU
		{2F9B2F8A-87B8-4A16-B62C-87B65A2CBAA1}.Release|x86.Build.0 = Release|Any CPU
		{0EE73F74-4A0A-4D47-9A2B-8B1DCA4D52E7}.Debug|Any CPU.ActiveCfg = Debug|Any CPU
		{0EE73F74-4A0A-4D47-9A2B-8B1DCA4D52E7}.Debug|Any CPU.Build.0 = Debug|Any CPU
		{0EE73F74-4A0A-4D47-9A2B-8B1DCA4D52E7}.Debug|x64.ActiveCfg = Debug|Any CPU
		{0EE73F74-4A0A-4D47-9A2B-8B1DCA4D52E7}.Debug|x64.Build.0 = Debug|Any CPU
		{0EE73F74-4A0A-4D47-9A2B-8B1DCA4D52E7}.Debug|x86.ActiveCfg = Debug|Any CPU
		{0EE73F74-4A0A-4D47-9A2B-8B1DCA4D52E7}.Debug|x86.Build.0 = Debug|Any CPU
		{0EE73F74-4A0A-4D47-9A2B-8B1DCA4D52E7}.Release|Any CPU.ActiveCfg = Release|Any CPU
		{0EE73F74-4A0A-4D47-9A2B-8B1DCA4D52E7}.Release|Any CPU.Build.0 = Release|Any CPU
		{0EE73F74-4A0A-4D47-9A2B-8B1DCA4D52E7}.Release|x64.ActiveCfg = Release|Any CPU
		{0EE73F74-4A0A-4D47-9A2B-8B1DCA4D52E7}.Release|x64.Build.0 = Release|Any CPU
		{0EE73F74-4A0A-4D47-9A2B-8B1DCA4D52E7}.Release|x86.ActiveCfg = Release|Any CPU
		{0EE73F74-4A0A-4D47-9A2B-8B1DCA4D52E7}.Release|x86.Build.0 = Release|Any CPU
		{0B1C2A47-9C96-4D6E-9F3E-0E186D2F8F6C}.Debug|Any CPU.ActiveCfg = Debug|Any CPU
		{0B1C2A47-9C96-4D6E-9F3E-0E186D2F8F6C}.Debug|Any CPU.Build.0 = Debug|Any CPU
		{0B1C2A47-9C96-4D6E-9F3E-0E186D2F8F6C}.Debug|x64.ActiveCfg = Debug|Any CPU
		{0B1C2A47-9C96-4D6E-9F3E-0E186D2F8F6C}.Debug|x64.Build.0 = Debug|Any CPU
		{0B1C2A47-9C96-4D6E-9F3E-0E186D2F8F6C}.Debug|x86.ActiveCfg = Debug|Any CPU
		{0B1C2A47-9C96-4D6E-9F3E-0E186D2F8F6C}.Debug|x86.Build.0 = Debug|Any CPU
		{0B1C2A47-9C96-4D6E-9F3E-0E186D2F8F6C}.Release|Any CPU.ActiveCfg = Release|Any CPU
		{0B1C2A47-9C96-4D6E-9F3E-0E186D2F8F6C}.Release|Any CPU.Build.0 = Release|Any CPU
		{0B1C2A47-9C96-4D6E-9F3E-0E186D2F8F6C}.Release|x64.ActiveCfg = Release|Any CPU
		{0B1C2A47-9C96-4D6E-9F3E-0E186D2F8F6C}.Release|x64.Build.0 = Release|Any CPU
		{0B1C2A47-9C96-4D6E-9F3E-0E186D2F8F6C}.Release|x86.ActiveCfg = Release|Any CPU
		{0B1C2A47-9C96-4D6E-9F3E-0E186D2F8F6C}.Release|x86.Build.0 = Release|Any CPU
		{AD0A9A4C-0F3D-4D13-9AA7-DF7A48DFB0D6}.Debug|Any CPU.ActiveCfg = Debug|Any CPU
		{AD0A9A4C-0F3D-4D13-9AA7-DF7A48DFB0D6}.Debug|Any CPU.Build.0 = Debug|Any CPU
		{AD0A9A4C-0F3D-4D13-9AA7-DF7A48DFB0D6}.Debug|x64.ActiveCfg = Debug|Any CPU
		{AD0A9A4C-0F3D-4D13-9AA7-DF7A48DFB0D6}.Debug|x64.Build.0 = Debug|Any CPU
		{AD0A9A4C-0F3D-4D13-9AA7-DF7A48DFB0D6}.Debug|x86.ActiveCfg = Debug|Any CPU
		{AD0A9A4C-0F3D-4D13-9AA7-DF7A48DFB0D6}.Debug|x86.Build.0 = Debug|Any CPU
		{AD0A9A4C-0F3D-4D13-9AA7-DF7A48DFB0D6}.Release|Any CPU.ActiveCfg = Release|Any CPU
		{AD0A9A4C-0F3D-4D13-9AA7-DF7A48DFB0D6}.Release|Any CPU.Build.0 = Release|Any CPU
		{AD0A9A4C-0F3D-4D13-9AA7-DF7A48DFB0D6}.Release|x64.ActiveCfg = Release|Any CPU
		{AD0A9A4C-0F3D-4D13-9AA7-DF7A48DFB0D6}.Release|x64.Build.0 = Release|Any CPU
		{AD0A9A4C-0F3D-4D13-9AA7-DF7A48DFB0D6}.Release|x86.ActiveCfg = Release|Any CPU
		{AD0A9A4C-0F3D-4D13-9AA7-DF7A48DFB0D6}.Release|x86.Build.0 = Release|Any CPU
		{C5F6B92B-34A2-4B76-AE5B-39A27F4D4B2A}.Debug|Any CPU.ActiveCfg = Debug|Any CPU
		{C5F6B92B-34A2-4B76-AE5B-39A27F4D4B2A}.Debug|Any CPU.Build.0 = Debug|Any CPU
		{C5F6B92B-34A2-4B76-AE5B-39A27F4D4B2A}.Debug|x64.ActiveCfg = Debug|Any CPU
		{C5F6B92B-34A2-4B76-AE5B-39A27F4D4B2A}.Debug|x64.Build.0 = Debug|Any CPU
		{C5F6B92B-34A2-4B76-AE5B-39A27F4D4B2A}.Debug|x86.ActiveCfg = Debug|Any CPU
		{C5F6B92B-34A2-4B76-AE5B-39A27F4D4B2A}.Debug|x86.Build.0 = Debug|Any CPU
		{C5F6B92B-34A2-4B76-AE5B-39A27F4D4B2A}.Release|Any CPU.ActiveCfg = Release|Any CPU
		{C5F6B92B-34A2-4B76-AE5B-39A27F4D4B2A}.Release|Any CPU.Build.0 = Release|Any CPU
		{C5F6B92B-34A2-4B76-AE5B-39A27F4D4B2A}.Release|x64.ActiveCfg = Release|Any CPU
		{C5F6B92B-34A2-4B76-AE5B-39A27F4D4B2A}.Release|x64.Build.0 = Release|Any CPU
		{C5F6B92B-34A2-4B76-AE5B-39A27F4D4B2A}.Release|x86.ActiveCfg = Release|Any CPU
		{C5F6B92B-34A2-4B76-AE5B-39A27F4D4B2A}.Release|x86.Build.0 = Release|Any CPU
		{34CD3945-4ED2-457A-B892-70F0F1EF85A9}.Debug|Any CPU.ActiveCfg = Debug|Any CPU
		{34CD3945-4ED2-457A-B892-70F0F1EF85A9}.Debug|Any CPU.Build.0 = Debug|Any CPU
		{34CD3945-4ED2-457A-B892-70F0F1EF85A9}.Debug|x64.ActiveCfg = Debug|Any CPU
		{34CD3945-4ED2-457A-B892-70F0F1EF85A9}.Debug|x64.Build.0 = Debug|Any CPU
		{34CD3945-4ED2-457A-B892-70F0F1EF85A9}.Debug|x86.ActiveCfg = Debug|Any CPU
		{34CD3945-4ED2-457A-B892-70F0F1EF85A9}.Debug|x86.Build.0 = Debug|Any CPU
		{34CD3945-4ED2-457A-B892-70F0F1EF85A9}.Release|Any CPU.ActiveCfg = Release|Any CPU
		{34CD3945-4ED2-457A-B892-70F0F1EF85A9}.Release|Any CPU.Build.0 = Release|Any CPU
		{34CD3945-4ED2-457A-B892-70F0F1EF85A9}.Release|x64.ActiveCfg = Release|Any CPU
		{34CD3945-4ED2-457A-B892-70F0F1EF85A9}.Release|x64.Build.0 = Release|Any CPU
		{34CD3945-4ED2-457A-B892-70F0F1EF85A9}.Release|x86.ActiveCfg = Release|Any CPU
		{34CD3945-4ED2-457A-B892-70F0F1EF85A9}.Release|x86.Build.0 = Release|Any CPU
	EndGlobalSection
	GlobalSection(SolutionProperties) = preSolution
		HideSolutionNode = FALSE
	EndGlobalSection
	GlobalSection(NestedProjects) = preSolution
		{34CD3945-4ED2-457A-B892-70F0F1EF85A9} = {0AB3BF05-4346-4AA6-1389-037BE0695223}
	EndGlobalSection
EndGlobal
